
Microsoft Visual Studio Solution File, Format Version 12.00
# Visual Studio Version 17
VisualStudioVersion = 17.11.35327.3
MinimumVisualStudioVersion = 10.0.40219.1
Project("{FAE04EC0-301F-11D3-BF4B-00C04F79EFBC}") = "Villa.WebUI", "Villa.WebUI\Villa.WebUI.csproj", "{63AE2E85-96E9-4D7B-8DCA-D39FBA66A0D3}"
EndProject
Project("{FAE04EC0-301F-11D3-BF4B-00C04F79EFBC}") = "Villa.Entity", "Villa.Entity\Villa.Entity.csproj", "{1D86111D-A52D-4452-8323-BF3BF04F2206}"
EndProject
Project("{FAE04EC0-301F-11D3-BF4B-00C04F79EFBC}") = "Villa.DataAccsess", "Villa.DataAccsess\Villa.DataAccsess.csproj", "{11973AF8-4345-466E-B0F5-E4C0D364C805}"
EndProject
Project("{FAE04EC0-301F-11D3-BF4B-00C04F79EFBC}") = "Villa.Business", "Villa.Business\Villa.Business.csproj", "{F03D1171-1B6B-4BAC-9B61-3E5CD5B7B1C4}"
EndProject
Project("{FAE04EC0-301F-11D3-BF4B-00C04F79EFBC}") = "Villa.Dto", "Villa.Dto\Villa.Dto.csproj", "{4C9FEF9A-6209-48D0-8C2D-6E5F711DD39E}"
EndProject
Global
	GlobalSection(SolutionConfigurationPlatforms) = preSolution
		Debug|Any CPU = Debug|Any CPU
		Release|Any CPU = Release|Any CPU
	EndGlobalSection
	GlobalSection(ProjectConfigurationPlatforms) = postSolution
		{63AE2E85-96E9-4D7B-8DCA-D39FBA66A0D3}.Debug|Any CPU.ActiveCfg = Debug|Any CPU
		{63AE2E85-96E9-4D7B-8DCA-D39FBA66A0D3}.Debug|Any CPU.Build.0 = Debug|Any CPU
		{63AE2E85-96E9-4D7B-8DCA-D39FBA66A0D3}.Release|Any CPU.ActiveCfg = Release|Any CPU
		{63AE2E85-96E9-4D7B-8DCA-D39FBA66A0D3}.Release|Any CPU.Build.0 = Release|Any CPU
		{1D86111D-A52D-4452-8323-BF3BF04F2206}.Debug|Any CPU.ActiveCfg = Debug|Any CPU
		{1D86111D-A52D-4452-8323-BF3BF04F2206}.Debug|Any CPU.Build.0 = Debug|Any CPU
		{1D86111D-A52D-4452-8323-BF3BF04F2206}.Release|Any CPU.ActiveCfg = Release|Any CPU
		{1D86111D-A52D-4452-8323-BF3BF04F2206}.Release|Any CPU.Build.0 = Release|Any CPU
		{11973AF8-4345-466E-B0F5-E4C0D364C805}.Debug|Any CPU.ActiveCfg = Debug|Any CPU
		{11973AF8-4345-466E-B0F5-E4C0D364C805}.Debug|Any CPU.Build.0 = Debug|Any CPU
		{11973AF8-4345-466E-B0F5-E4C0D364C805}.Release|Any CPU.ActiveCfg = Release|Any CPU
		{11973AF8-4345-466E-B0F5-E4C0D364C805}.Release|Any CPU.Build.0 = Release|Any CPU
		{F03D1171-1B6B-4BAC-9B61-3E5CD5B7B1C4}.Debug|Any CPU.ActiveCfg = Debug|Any CPU
		{F03D1171-1B6B-4BAC-9B61-3E5CD5B7B1C4}.Debug|Any CPU.Build.0 = Debug|Any CPU
		{F03D1171-1B6B-4BAC-9B61-3E5CD5B7B1C4}.Release|Any CPU.ActiveCfg = Release|Any CPU
		{F03D1171-1B6B-4BAC-9B61-3E5CD5B7B1C4}.Release|Any CPU.Build.0 = Release|Any CPU
		{4C9FEF9A-6209-48D0-8C2D-6E5F711DD39E}.Debug|Any CPU.ActiveCfg = Debug|Any CPU
		{4C9FEF9A-6209-48D0-8C2D-6E5F711DD39E}.Debug|Any CPU.Build.0 = Debug|Any CPU
		{4C9FEF9A-6209-48D0-8C2D-6E5F711DD39E}.Release|Any CPU.ActiveCfg = Release|Any CPU
		{4C9FEF9A-6209-48D0-8C2D-6E5F711DD39E}.Release|Any CPU.Build.0 = Release|Any CPU
	EndGlobalSection
	GlobalSection(SolutionProperties) = preSolution
		HideSolutionNode = FALSE
	EndGlobalSection
	GlobalSection(ExtensibilityGlobals) = postSolution
		SolutionGuid = {C9C49995-2CE8-4DBC-87C3-43D83EA73022}
	EndGlobalSection
EndGlobal
